
Microsoft Visual Studio Solution File, Format Version 12.00
# Visual Studio Version 17
VisualStudioVersion = 17.6.33829.357
MinimumVisualStudioVersion = 10.0.40219.1
Project("{FAE04EC0-301F-11D3-BF4B-00C04F79EFBC}") = "dotnet_test", "dotnet_test.csproj", "{6E94F9D0-5F76-4013-AC27-46AD43C902BA}"
EndProject
Global
	GlobalSection(SolutionConfigurationPlatforms) = preSolution
		Debug|Any CPU = Debug|Any CPU
		Release|Any CPU = Release|Any CPU
	EndGlobalSection
	GlobalSection(ProjectConfigurationPlatforms) = postSolution
		{6E94F9D0-5F76-4013-AC27-46AD43C902BA}.Debug|Any CPU.ActiveCfg = Debug|Any CPU
		{6E94F9D0-5F76-4013-AC27-46AD43C902BA}.Debug|Any CPU.Build.0 = Debug|Any CPU
		{6E94F9D0-5F76-4013-AC27-46AD43C902BA}.Release|Any CPU.ActiveCfg = Release|Any CPU
		{6E94F9D0-5F76-4013-AC27-46AD43C902BA}.Release|Any CPU.Build.0 = Release|Any CPU
	EndGlobalSection
	GlobalSection(SolutionProperties) = preSolution
		HideSolutionNode = FALSE
	EndGlobalSection
	GlobalSection(ExtensibilityGlobals) = postSolution
		SolutionGuid = {E02F136F-1603-438D-9933-98BF93EC1B79}
	EndGlobalSection
EndGlobal
